
Microsoft Visual Studio Solution File, Format Version 12.00
# Visual Studio Version 17
VisualStudioVersion = 17.2.32616.157
MinimumVisualStudioVersion = 10.0.40219.1
Project("{FAE04EC0-301F-11D3-BF4B-00C04F79EFBC}") = "PatternChallenge", "PatternChallenge\PatternChallenge.csproj", "{A0D1174D-09E0-49FD-873D-4CA471499970}"
EndProject
Global
	GlobalSection(SolutionConfigurationPlatforms) = preSolution
		Debug|Any CPU = Debug|Any CPU
		Release|Any CPU = Release|Any CPU
	EndGlobalSection
	GlobalSection(ProjectConfigurationPlatforms) = postSolution
		{A0D1174D-09E0-49FD-873D-4CA471499970}.Debug|Any CPU.ActiveCfg = Debug|Any CPU
		{A0D1174D-09E0-49FD-873D-4CA471499970}.Debug|Any CPU.Build.0 = Debug|Any CPU
		{A0D1174D-09E0-49FD-873D-4CA471499970}.Release|Any CPU.ActiveCfg = Release|Any CPU
		{A0D1174D-09E0-49FD-873D-4CA471499970}.Release|Any CPU.Build.0 = Release|Any CPU
	EndGlobalSection
	GlobalSection(SolutionProperties) = preSolution
		HideSolutionNode = FALSE
	EndGlobalSection
	GlobalSection(ExtensibilityGlobals) = postSolution
		SolutionGuid = {17B2D24A-27A1-4ED2-AF93-4EB19D159579}
	EndGlobalSection
EndGlobal
